
Microsoft Visual Studio Solution File, Format Version 12.00
# Visual Studio 15
VisualStudioVersion = 15.0.28307.168
MinimumVisualStudioVersion = 10.0.40219.1
Project("{FAE04EC0-301F-11D3-BF4B-00C04F79EFBC}") = "A02TipoPaginaXF.Android", "A02TipoPaginaXF\A02TipoPaginaXF.Android\A02TipoPaginaXF.Android.csproj", "{6A822CDF-2F1A-483A-AA75-CFBFF5D6AE0A}"
EndProject
Project("{FAE04EC0-301F-11D3-BF4B-00C04F79EFBC}") = "A02TipoPaginaXF.iOS", "A02TipoPaginaXF\A02TipoPaginaXF.iOS\A02TipoPaginaXF.iOS.csproj", "{2C9E8950-1ADD-4DCE-8D20-092F03A94C47}"
EndProject
Project("{FAE04EC0-301F-11D3-BF4B-00C04F79EFBC}") = "A02TipoPaginaXF.UWP", "A02TipoPaginaXF\A02TipoPaginaXF.UWP\A02TipoPaginaXF.UWP.csproj", "{CADAB9C3-80A8-4386-94AC-A9BF1E0F1CA0}"
EndProject
Project("{FAE04EC0-301F-11D3-BF4B-00C04F79EFBC}") = "A02TipoPaginaXF", "A02TipoPaginaXF\A02TipoPaginaXF\A02TipoPaginaXF.csproj", "{C83FC38A-E5FA-44C4-BF43-A05EA79ED5FB}"
EndProject
Global
	GlobalSection(SolutionConfigurationPlatforms) = preSolution
		Ad-Hoc|Any CPU = Ad-Hoc|Any CPU
		Ad-Hoc|ARM = Ad-Hoc|ARM
		Ad-Hoc|iPhone = Ad-Hoc|iPhone
		Ad-Hoc|iPhoneSimulator = Ad-Hoc|iPhoneSimulator
		Ad-Hoc|x64 = Ad-Hoc|x64
		Ad-Hoc|x86 = Ad-Hoc|x86
		AppStore|Any CPU = AppStore|Any CPU
		AppStore|ARM = AppStore|ARM
		AppStore|iPhone = AppStore|iPhone
		AppStore|iPhoneSimulator = AppStore|iPhoneSimulator
		AppStore|x64 = AppStore|x64
		AppStore|x86 = AppStore|x86
		Debug|Any CPU = Debug|Any CPU
		Debug|ARM = Debug|ARM
		Debug|iPhone = Debug|iPhone
		Debug|iPhoneSimulator = Debug|iPhoneSimulator
		Debug|x64 = Debug|x64
		Debug|x86 = Debug|x86
		Release|Any CPU = Release|Any CPU
		Release|ARM = Release|ARM
		Release|iPhone = Release|iPhone
		Release|iPhoneSimulator = Release|iPhoneSimulator
		Release|x64 = Release|x64
		Release|x86 = Release|x86
	EndGlobalSection
	GlobalSection(ProjectConfigurationPlatforms) = postSolution
		{6A822CDF-2F1A-483A-AA75-CFBFF5D6AE0A}.Ad-Hoc|Any CPU.ActiveCfg = Release|Any CPU
		{6A822CDF-2F1A-483A-AA75-CFBFF5D6AE0A}.Ad-Hoc|Any CPU.Build.0 = Release|Any CPU
		{6A822CDF-2F1A-483A-AA75-CFBFF5D6AE0A}.Ad-Hoc|Any CPU.Deploy.0 = Release|Any CPU
		{6A822CDF-2F1A-483A-AA75-CFBFF5D6AE0A}.Ad-Hoc|ARM.ActiveCfg = Release|Any CPU
		{6A822CDF-2F1A-483A-AA75-CFBFF5D6AE0A}.Ad-Hoc|ARM.Build.0 = Release|Any CPU
		{6A822CDF-2F1A-483A-AA75-CFBFF5D6AE0A}.Ad-Hoc|ARM.Deploy.0 = Release|Any CPU
		{6A822CDF-2F1A-483A-AA75-CFBFF5D6AE0A}.Ad-Hoc|iPhone.ActiveCfg = Release|Any CPU
		{6A822CDF-2F1A-483A-AA75-CFBFF5D6AE0A}.Ad-Hoc|iPhone.Build.0 = Release|Any CPU
		{6A822CDF-2F1A-483A-AA75-CFBFF5D6AE0A}.Ad-Hoc|iPhone.Deploy.0 = Release|Any CPU
		{6A822CDF-2F1A-483A-AA75-CFBFF5D6AE0A}.Ad-Hoc|iPhoneSimulator.ActiveCfg = Release|Any CPU
		{6A822CDF-2F1A-483A-AA75-CFBFF5D6AE0A}.Ad-Hoc|iPhoneSimulator.Build.0 = Release|Any CPU
		{6A822CDF-2F1A-483A-AA75-CFBFF5D6AE0A}.Ad-Hoc|iPhoneSimulator.Deploy.0 = Release|Any CPU
		{6A822CDF-2F1A-483A-AA75-CFBFF5D6AE0A}.Ad-Hoc|x64.ActiveCfg = Release|Any CPU
		{6A822CDF-2F1A-483A-AA75-CFBFF5D6AE0A}.Ad-Hoc|x64.Build.0 = Release|Any CPU
		{6A822CDF-2F1A-483A-AA75-CFBFF5D6AE0A}.Ad-Hoc|x64.Deploy.0 = Release|Any CPU
		{6A822CDF-2F1A-483A-AA75-CFBFF5D6AE0A}.Ad-Hoc|x86.ActiveCfg = Release|Any CPU
		{6A822CDF-2F1A-483A-AA75-CFBFF5D6AE0A}.Ad-Hoc|x86.Build.0 = Release|Any CPU
		{6A822CDF-2F1A-483A-AA75-CFBFF5D6AE0A}.Ad-Hoc|x86.Deploy.0 = Release|Any CPU
		{6A822CDF-2F1A-483A-AA75-CFBFF5D6AE0A}.AppStore|Any CPU.ActiveCfg = Release|Any CPU
		{6A822CDF-2F1A-483A-AA75-CFBFF5D6AE0A}.AppStore|Any CPU.Build.0 = Release|Any CPU
		{6A822CDF-2F1A-483A-AA75-CFBFF5D6AE0A}.AppStore|Any CPU.Deploy.0 = Release|Any CPU
		{6A822CDF-2F1A-483A-AA75-CFBFF5D6AE0A}.AppStore|ARM.ActiveCfg = Release|Any CPU
		{6A822CDF-2F1A-483A-AA75-CFBFF5D6AE0A}.AppStore|ARM.Build.0 = Release|Any CPU
		{6A822CDF-2F1A-483A-AA75-CFBFF5D6AE0A}.AppStore|ARM.Deploy.0 = Release|Any CPU
		{6A822CDF-2F1A-483A-AA75-CFBFF5D6AE0A}.AppStore|iPhone.ActiveCfg = Release|Any CPU
		{6A822CDF-2F1A-483A-AA75-CFBFF5D6AE0A}.AppStore|iPhone.Build.0 = Release|Any CPU
		{6A822CDF-2F1A-483A-AA75-CFBFF5D6AE0A}.AppStore|iPhone.Deploy.0 = Release|Any CPU
		{6A822CDF-2F1A-483A-AA75-CFBFF5D6AE0A}.AppStore|iPhoneSimulator.ActiveCfg = Release|Any CPU
		{6A822CDF-2F1A-483A-AA75-CFBFF5D6AE0A}.AppStore|iPhoneSimulator.Build.0 = Release|Any CPU
		{6A822CDF-2F1A-483A-AA75-CFBFF5D6AE0A}.AppStore|iPhoneSimulator.Deploy.0 = Release|Any CPU
		{6A822CDF-2F1A-483A-AA75-CFBFF5D6AE0A}.AppStore|x64.ActiveCfg = Release|Any CPU
		{6A822CDF-2F1A-483A-AA75-CFBFF5D6AE0A}.AppStore|x64.Build.0 = Release|Any CPU
		{6A822CDF-2F1A-483A-AA75-CFBFF5D6AE0A}.AppStore|x64.Deploy.0 = Release|Any CPU
		{6A822CDF-2F1A-483A-AA75-CFBFF5D6AE0A}.AppStore|x86.ActiveCfg = Release|Any CPU
		{6A822CDF-2F1A-483A-AA75-CFBFF5D6AE0A}.AppStore|x86.Build.0 = Release|Any CPU
		{6A822CDF-2F1A-483A-AA75-CFBFF5D6AE0A}.AppStore|x86.Deploy.0 = Release|Any CPU
		{6A822CDF-2F1A-483A-AA75-CFBFF5D6AE0A}.Debug|Any CPU.ActiveCfg = Debug|Any CPU
		{6A822CDF-2F1A-483A-AA75-CFBFF5D6AE0A}.Debug|Any CPU.Build.0 = Debug|Any CPU
		{6A822CDF-2F1A-483A-AA75-CFBFF5D6AE0A}.Debug|Any CPU.Deploy.0 = Debug|Any CPU
		{6A822CDF-2F1A-483A-AA75-CFBFF5D6AE0A}.Debug|ARM.ActiveCfg = Debug|Any CPU
		{6A822CDF-2F1A-483A-AA75-CFBFF5D6AE0A}.Debug|ARM.Build.0 = Debug|Any CPU
		{6A822CDF-2F1A-483A-AA75-CFBFF5D6AE0A}.Debug|ARM.Deploy.0 = Debug|Any CPU
		{6A822CDF-2F1A-483A-AA75-CFBFF5D6AE0A}.Debug|iPhone.ActiveCfg = Debug|Any CPU
		{6A822CDF-2F1A-483A-AA75-CFBFF5D6AE0A}.Debug|iPhone.Build.0 = Debug|Any CPU
		{6A822CDF-2F1A-483A-AA75-CFBFF5D6AE0A}.Debug|iPhone.Deploy.0 = Debug|Any CPU
		{6A822CDF-2F1A-483A-AA75-CFBFF5D6AE0A}.Debug|iPhoneSimulator.ActiveCfg = Debug|Any CPU
		{6A822CDF-2F1A-483A-AA75-CFBFF5D6AE0A}.Debug|iPhoneSimulator.Build.0 = Debug|Any CPU
		{6A822CDF-2F1A-483A-AA75-CFBFF5D6AE0A}.Debug|iPhoneSimulator.Deploy.0 = Debug|Any CPU
		{6A822CDF-2F1A-483A-AA75-CFBFF5D6AE0A}.Debug|x64.ActiveCfg = Debug|Any CPU
		{6A822CDF-2F1A-483A-AA75-CFBFF5D6AE0A}.Debug|x64.Build.0 = Debug|Any CPU
		{6A822CDF-2F1A-483A-AA75-CFBFF5D6AE0A}.Debug|x64.Deploy.0 = Debug|Any CPU
		{6A822CDF-2F1A-483A-AA75-CFBFF5D6AE0A}.Debug|x86.ActiveCfg = Debug|Any CPU
		{6A822CDF-2F1A-483A-AA75-CFBFF5D6AE0A}.Debug|x86.Build.0 = Debug|Any CPU
		{6A822CDF-2F1A-483A-AA75-CFBFF5D6AE0A}.Debug|x86.Deploy.0 = Debug|Any CPU
		{6A822CDF-2F1A-483A-AA75-CFBFF5D6AE0A}.Release|Any CPU.ActiveCfg = Release|Any CPU
		{6A822CDF-2F1A-483A-AA75-CFBFF5D6AE0A}.Release|Any CPU.Build.0 = Release|Any CPU
		{6A822CDF-2F1A-483A-AA75-CFBFF5D6AE0A}.Release|Any CPU.Deploy.0 = Release|Any CPU
		{6A822CDF-2F1A-483A-AA75-CFBFF5D6AE0A}.Release|ARM.ActiveCfg = Release|Any CPU
		{6A822CDF-2F1A-483A-AA75-CFBFF5D6AE0A}.Release|ARM.Build.0 = Release|Any CPU
		{6A822CDF-2F1A-483A-AA75-CFBFF5D6AE0A}.Release|ARM.Deploy.0 = Release|Any CPU
		{6A822CDF-2F1A-483A-AA75-CFBFF5D6AE0A}.Release|iPhone.ActiveCfg = Release|Any CPU
		{6A822CDF-2F1A-483A-AA75-CFBFF5D6AE0A}.Release|iPhone.Build.0 = Release|Any CPU
		{6A822CDF-2F1A-483A-AA75-CFBFF5D6AE0A}.Release|iPhone.Deploy.0 = Release|Any CPU
		{6A822CDF-2F1A-483A-AA75-CFBFF5D6AE0A}.Release|iPhoneSimulator.ActiveCfg = Release|Any CPU
		{6A822CDF-2F1A-483A-AA75-CFBFF5D6AE0A}.Release|iPhoneSimulator.Build.0 = Release|Any CPU
		{6A822CDF-2F1A-483A-AA75-CFBFF5D6AE0A}.Release|iPhoneSimulator.Deploy.0 = Release|Any CPU
		{6A822CDF-2F1A-483A-AA75-CFBFF5D6AE0A}.Release|x64.ActiveCfg = Release|Any CPU
		{6A822CDF-2F1A-483A-AA75-CFBFF5D6AE0A}.Release|x64.Build.0 = Release|Any CPU
		{6A822CDF-2F1A-483A-AA75-CFBFF5D6AE0A}.Release|x64.Deploy.0 = Release|Any CPU
		{6A822CDF-2F1A-483A-AA75-CFBFF5D6AE0A}.Release|x86.ActiveCfg = Release|Any CPU
		{6A822CDF-2F1A-483A-AA75-CFBFF5D6AE0A}.Release|x86.Build.0 = Release|Any CPU
		{6A822CDF-2F1A-483A-AA75-CFBFF5D6AE0A}.Release|x86.Deploy.0 = Release|Any CPU
		{2C9E8950-1ADD-4DCE-8D20-092F03A94C47}.Ad-Hoc|Any CPU.ActiveCfg = Ad-Hoc|iPhone
		{2C9E8950-1ADD-4DCE-8D20-092F03A94C47}.Ad-Hoc|Any CPU.Build.0 = Ad-Hoc|iPhone
		{2C9E8950-1ADD-4DCE-8D20-092F03A94C47}.Ad-Hoc|Any CPU.Deploy.0 = Ad-Hoc|iPhone
		{2C9E8950-1ADD-4DCE-8D20-092F03A94C47}.Ad-Hoc|ARM.ActiveCfg = Ad-Hoc|iPhone
		{2C9E8950-1ADD-4DCE-8D20-092F03A94C47}.Ad-Hoc|ARM.Build.0 = Ad-Hoc|iPhone
		{2C9E8950-1ADD-4DCE-8D20-092F03A94C47}.Ad-Hoc|ARM.Deploy.0 = Ad-Hoc|iPhone
		{2C9E8950-1ADD-4DCE-8D20-092F03A94C47}.Ad-Hoc|iPhone.ActiveCfg = Ad-Hoc|iPhone
		{2C9E8950-1ADD-4DCE-8D20-092F03A94C47}.Ad-Hoc|iPhone.Build.0 = Ad-Hoc|iPhone
		{2C9E8950-1ADD-4DCE-8D20-092F03A94C47}.Ad-Hoc|iPhone.Deploy.0 = Ad-Hoc|iPhone
		{2C9E8950-1ADD-4DCE-8D20-092F03A94C47}.Ad-Hoc|iPhoneSimulator.ActiveCfg = Ad-Hoc|iPhoneSimulator
		{2C9E8950-1ADD-4DCE-8D20-092F03A94C47}.Ad-Hoc|iPhoneSimulator.Build.0 = Ad-Hoc|iPhoneSimulator
		{2C9E8950-1ADD-4DCE-8D20-092F03A94C47}.Ad-Hoc|iPhoneSimulator.Deploy.0 = Ad-Hoc|iPhoneSimulator
		{2C9E8950-1ADD-4DCE-8D20-092F03A94C47}.Ad-Hoc|x64.ActiveCfg = Ad-Hoc|iPhone
		{2C9E8950-1ADD-4DCE-8D20-092F03A94C47}.Ad-Hoc|x64.Build.0 = Ad-Hoc|iPhone
		{2C9E8950-1ADD-4DCE-8D20-092F03A94C47}.Ad-Hoc|x64.Deploy.0 = Ad-Hoc|iPhone
		{2C9E8950-1ADD-4DCE-8D20-092F03A94C47}.Ad-Hoc|x86.ActiveCfg = Ad-Hoc|iPhone
		{2C9E8950-1ADD-4DCE-8D20-092F03A94C47}.Ad-Hoc|x86.Build.0 = Ad-Hoc|iPhone
		{2C9E8950-1ADD-4DCE-8D20-092F03A94C47}.Ad-Hoc|x86.Deploy.0 = Ad-Hoc|iPhone
		{2C9E8950-1ADD-4DCE-8D20-092F03A94C47}.AppStore|Any CPU.ActiveCfg = AppStore|iPhone
		{2C9E8950-1ADD-4DCE-8D20-092F03A94C47}.AppStore|Any CPU.Build.0 = AppStore|iPhone
		{2C9E8950-1ADD-4DCE-8D20-092F03A94C47}.AppStore|Any CPU.Deploy.0 = AppStore|iPhone
		{2C9E8950-1ADD-4DCE-8D20-092F03A94C47}.AppStore|ARM.ActiveCfg = AppStore|iPhone
		{2C9E8950-1ADD-4DCE-8D20-092F03A94C47}.AppStore|ARM.Build.0 = AppStore|iPhone
		{2C9E8950-1ADD-4DCE-8D20-092F03A94C47}.AppStore|ARM.Deploy.0 = AppStore|iPhone
		{2C9E8950-1ADD-4DCE-8D20-092F03A94C47}.AppStore|iPhone.ActiveCfg = AppStore|iPhone
		{2C9E8950-1ADD-4DCE-8D20-092F03A94C47}.AppStore|iPhone.Build.0 = AppStore|iPhone
		{2C9E8950-1ADD-4DCE-8D20-092F03A94C47}.AppStore|iPhone.Deploy.0 = AppStore|iPhone
		{2C9E8950-1ADD-4DCE-8D20-092F03A94C47}.AppStore|iPhoneSimulator.ActiveCfg = AppStore|iPhoneSimulator
		{2C9E8950-1ADD-4DCE-8D20-092F03A94C47}.AppStore|iPhoneSimulator.Build.0 = AppStore|iPhoneSimulator
		{2C9E8950-1ADD-4DCE-8D20-092F03A94C47}.AppStore|iPhoneSimulator.Deploy.0 = AppStore|iPhoneSimulator
		{2C9E8950-1ADD-4DCE-8D20-092F03A94C47}.AppStore|x64.ActiveCfg = AppStore|iPhone
		{2C9E8950-1ADD-4DCE-8D20-092F03A94C47}.AppStore|x64.Build.0 = AppStore|iPhone
		{2C9E8950-1ADD-4DCE-8D20-092F03A94C47}.AppStore|x64.Deploy.0 = AppStore|iPhone
		{2C9E8950-1ADD-4DCE-8D20-092F03A94C47}.AppStore|x86.ActiveCfg = AppStore|iPhone
		{2C9E8950-1ADD-4DCE-8D20-092F03A94C47}.AppStore|x86.Build.0 = AppStore|iPhone
		{2C9E8950-1ADD-4DCE-8D20-092F03A94C47}.AppStore|x86.Deploy.0 = AppStore|iPhone
		{2C9E8950-1ADD-4DCE-8D20-092F03A94C47}.Debug|Any CPU.ActiveCfg = Debug|iPhoneSimulator
		{2C9E8950-1ADD-4DCE-8D20-092F03A94C47}.Debug|Any CPU.Build.0 = Debug|iPhoneSimulator
		{2C9E8950-1ADD-4DCE-8D20-092F03A94C47}.Debug|Any CPU.Deploy.0 = Debug|iPhoneSimulator
		{2C9E8950-1ADD-4DCE-8D20-092F03A94C47}.Debug|ARM.ActiveCfg = Debug|iPhone
		{2C9E8950-1ADD-4DCE-8D20-092F03A94C47}.Debug|ARM.Build.0 = Debug|iPhone
		{2C9E8950-1ADD-4DCE-8D20-092F03A94C47}.Debug|ARM.Deploy.0 = Debug|iPhone
		{2C9E8950-1ADD-4DCE-8D20-092F03A94C47}.Debug|iPhone.ActiveCfg = Debug|iPhone
		{2C9E8950-1ADD-4DCE-8D20-092F03A94C47}.Debug|iPhone.Build.0 = Debug|iPhone
		{2C9E8950-1ADD-4DCE-8D20-092F03A94C47}.Debug|iPhone.Deploy.0 = Debug|iPhone
		{2C9E8950-1ADD-4DCE-8D20-092F03A94C47}.Debug|iPhoneSimulator.ActiveCfg = Debug|iPhoneSimulator
		{2C9E8950-1ADD-4DCE-8D20-092F03A94C47}.Debug|iPhoneSimulator.Build.0 = Debug|iPhoneSimulator
		{2C9E8950-1ADD-4DCE-8D20-092F03A94C47}.Debug|iPhoneSimulator.Deploy.0 = Debug|iPhoneSimulator
		{2C9E8950-1ADD-4DCE-8D20-092F03A94C47}.Debug|x64.ActiveCfg = Debug|iPhone
		{2C9E8950-1ADD-4DCE-8D20-092F03A94C47}.Debug|x64.Build.0 = Debug|iPhone
		{2C9E8950-1ADD-4DCE-8D20-092F03A94C47}.Debug|x64.Deploy.0 = Debug|iPhone
		{2C9E8950-1ADD-4DCE-8D20-092F03A94C47}.Debug|x86.ActiveCfg = Debug|iPhone
		{2C9E8950-1ADD-4DCE-8D20-092F03A94C47}.Debug|x86.Build.0 = Debug|iPhone
		{2C9E8950-1ADD-4DCE-8D20-092F03A94C47}.Debug|x86.Deploy.0 = Debug|iPhone
		{2C9E8950-1ADD-4DCE-8D20-092F03A94C47}.Release|Any CPU.ActiveCfg = Release|iPhone
		{2C9E8950-1ADD-4DCE-8D20-092F03A94C47}.Release|Any CPU.Build.0 = Release|iPhone
		{2C9E8950-1ADD-4DCE-8D20-092F03A94C47}.Release|Any CPU.Deploy.0 = Release|iPhone
		{2C9E8950-1ADD-4DCE-8D20-092F03A94C47}.Release|ARM.ActiveCfg = Release|iPhone
		{2C9E8950-1ADD-4DCE-8D20-092F03A94C47}.Release|ARM.Build.0 = Release|iPhone
		{2C9E8950-1ADD-4DCE-8D20-092F03A94C47}.Release|ARM.Deploy.0 = Release|iPhone
		{2C9E8950-1ADD-4DCE-8D20-092F03A94C47}.Release|iPhone.ActiveCfg = Release|iPhone
		{2C9E8950-1ADD-4DCE-8D20-092F03A94C47}.Release|iPhone.Build.0 = Release|iPhone
		{2C9E8950-1ADD-4DCE-8D20-092F03A94C47}.Release|iPhone.Deploy.0 = Release|iPhone
		{2C9E8950-1ADD-4DCE-8D20-092F03A94C47}.Release|iPhoneSimulator.ActiveCfg = Release|iPhoneSimulator
		{2C9E8950-1ADD-4DCE-8D20-092F03A94C47}.Release|iPhoneSimulator.Build.0 = Release|iPhoneSimulator
		{2C9E8950-1ADD-4DCE-8D20-092F03A94C47}.Release|iPhoneSimulator.Deploy.0 = Release|iPhoneSimulator
		{2C9E8950-1ADD-4DCE-8D20-092F03A94C47}.Release|x64.ActiveCfg = Release|iPhone
		{2C9E8950-1ADD-4DCE-8D20-092F03A94C47}.Release|x64.Build.0 = Release|iPhone
		{2C9E8950-1ADD-4DCE-8D20-092F03A94C47}.Release|x64.Deploy.0 = Release|iPhone
		{2C9E8950-1ADD-4DCE-8D20-092F03A94C47}.Release|x86.ActiveCfg = Release|iPhone
		{2C9E8950-1ADD-4DCE-8D20-092F03A94C47}.Release|x86.Build.0 = Release|iPhone
		{2C9E8950-1ADD-4DCE-8D20-092F03A94C47}.Release|x86.Deploy.0 = Release|iPhone
		{CADAB9C3-80A8-4386-94AC-A9BF1E0F1CA0}.Ad-Hoc|Any CPU.ActiveCfg = Release|x86
		{CADAB9C3-80A8-4386-94AC-A9BF1E0F1CA0}.Ad-Hoc|Any CPU.Build.0 = Release|x86
		{CADAB9C3-80A8-4386-94AC-A9BF1E0F1CA0}.Ad-Hoc|Any CPU.Deploy.0 = Release|x86
		{CADAB9C3-80A8-4386-94AC-A9BF1E0F1CA0}.Ad-Hoc|ARM.ActiveCfg = Release|ARM
		{CADAB9C3-80A8-4386-94AC-A9BF1E0F1CA0}.Ad-Hoc|ARM.Build.0 = Release|ARM
		{CADAB9C3-80A8-4386-94AC-A9BF1E0F1CA0}.Ad-Hoc|ARM.Deploy.0 = Release|ARM
		{CADAB9C3-80A8-4386-94AC-A9BF1E0F1CA0}.Ad-Hoc|iPhone.ActiveCfg = Release|x86
		{CADAB9C3-80A8-4386-94AC-A9BF1E0F1CA0}.Ad-Hoc|iPhone.Build.0 = Release|x86
		{CADAB9C3-80A8-4386-94AC-A9BF1E0F1CA0}.Ad-Hoc|iPhone.Deploy.0 = Release|x86
		{CADAB9C3-80A8-4386-94AC-A9BF1E0F1CA0}.Ad-Hoc|iPhoneSimulator.ActiveCfg = Release|x86
		{CADAB9C3-80A8-4386-94AC-A9BF1E0F1CA0}.Ad-Hoc|iPhoneSimulator.Build.0 = Release|x86
		{CADAB9C3-80A8-4386-94AC-A9BF1E0F1CA0}.Ad-Hoc|iPhoneSimulator.Deploy.0 = Release|x86
		{CADAB9C3-80A8-4386-94AC-A9BF1E0F1CA0}.Ad-Hoc|x64.ActiveCfg = Release|x64
		{CADAB9C3-80A8-4386-94AC-A9BF1E0F1CA0}.Ad-Hoc|x64.Build.0 = Release|x64
		{CADAB9C3-80A8-4386-94AC-A9BF1E0F1CA0}.Ad-Hoc|x64.Deploy.0 = Release|x64
		{CADAB9C3-80A8-4386-94AC-A9BF1E0F1CA0}.Ad-Hoc|x86.ActiveCfg = Release|x86
		{CADAB9C3-80A8-4386-94AC-A9BF1E0F1CA0}.Ad-Hoc|x86.Build.0 = Release|x86
		{CADAB9C3-80A8-4386-94AC-A9BF1E0F1CA0}.Ad-Hoc|x86.Deploy.0 = Release|x86
		{CADAB9C3-80A8-4386-94AC-A9BF1E0F1CA0}.AppStore|Any CPU.ActiveCfg = Release|x86
		{CADAB9C3-80A8-4386-94AC-A9BF1E0F1CA0}.AppStore|Any CPU.Build.0 = Release|x86
		{CADAB9C3-80A8-4386-94AC-A9BF1E0F1CA0}.AppStore|Any CPU.Deploy.0 = Release|x86
		{CADAB9C3-80A8-4386-94AC-A9BF1E0F1CA0}.AppStore|ARM.ActiveCfg = Release|ARM
		{CADAB9C3-80A8-4386-94AC-A9BF1E0F1CA0}.AppStore|ARM.Build.0 = Release|ARM
		{CADAB9C3-80A8-4386-94AC-A9BF1E0F1CA0}.AppStore|ARM.Deploy.0 = Release|ARM
		{CADAB9C3-80A8-4386-94AC-A9BF1E0F1CA0}.AppStore|iPhone.ActiveCfg = Release|x86
		{CADAB9C3-80A8-4386-94AC-A9BF1E0F1CA0}.AppStore|iPhone.Build.0 = Release|x86
		{CADAB9C3-80A8-4386-94AC-A9BF1E0F1CA0}.AppStore|iPhone.Deploy.0 = Release|x86
		{CADAB9C3-80A8-4386-94AC-A9BF1E0F1CA0}.AppStore|iPhoneSimulator.ActiveCfg = Release|x86
		{CADAB9C3-80A8-4386-94AC-A9BF1E0F1CA0}.AppStore|iPhoneSimulator.Build.0 = Release|x86
		{CADAB9C3-80A8-4386-94AC-A9BF1E0F1CA0}.AppStore|iPhoneSimulator.Deploy.0 = Release|x86
		{CADAB9C3-80A8-4386-94AC-A9BF1E0F1CA0}.AppStore|x64.ActiveCfg = Release|x64
		{CADAB9C3-80A8-4386-94AC-A9BF1E0F1CA0}.AppStore|x64.Build.0 = Release|x64
		{CADAB9C3-80A8-4386-94AC-A9BF1E0F1CA0}.AppStore|x64.Deploy.0 = Release|x64
		{CADAB9C3-80A8-4386-94AC-A9BF1E0F1CA0}.AppStore|x86.ActiveCfg = Release|x86
		{CADAB9C3-80A8-4386-94AC-A9BF1E0F1CA0}.AppStore|x86.Build.0 = Release|x86
		{CADAB9C3-80A8-4386-94AC-A9BF1E0F1CA0}.AppStore|x86.Deploy.0 = Release|x86
		{CADAB9C3-80A8-4386-94AC-A9BF1E0F1CA0}.Debug|Any CPU.ActiveCfg = Debug|x86
		{CADAB9C3-80A8-4386-94AC-A9BF1E0F1CA0}.Debug|Any CPU.Build.0 = Debug|x86
		{CADAB9C3-80A8-4386-94AC-A9BF1E0F1CA0}.Debug|Any CPU.Deploy.0 = Debug|x86
		{CADAB9C3-80A8-4386-94AC-A9BF1E0F1CA0}.Debug|ARM.ActiveCfg = Debug|ARM
		{CADAB9C3-80A8-4386-94AC-A9BF1E0F1CA0}.Debug|ARM.Build.0 = Debug|ARM
		{CADAB9C3-80A8-4386-94AC-A9BF1E0F1CA0}.Debug|ARM.Deploy.0 = Debug|ARM
		{CADAB9C3-80A8-4386-94AC-A9BF1E0F1CA0}.Debug|iPhone.ActiveCfg = Debug|x86
		{CADAB9C3-80A8-4386-94AC-A9BF1E0F1CA0}.Debug|iPhone.Build.0 = Debug|x86
		{CADAB9C3-80A8-4386-94AC-A9BF1E0F1CA0}.Debug|iPhone.Deploy.0 = Debug|x86
		{CADAB9C3-80A8-4386-94AC-A9BF1E0F1CA0}.Debug|iPhoneSimulator.ActiveCfg = Debug|x86
		{CADAB9C3-80A8-4386-94AC-A9BF1E0F1CA0}.Debug|iPhoneSimulator.Build.0 = Debug|x86
		{CADAB9C3-80A8-4386-94AC-A9BF1E0F1CA0}.Debug|iPhoneSimulator.Deploy.0 = Debug|x86
		{CADAB9C3-80A8-4386-94AC-A9BF1E0F1CA0}.Debug|x64.ActiveCfg = Debug|x64
		{CADAB9C3-80A8-4386-94AC-A9BF1E0F1CA0}.Debug|x64.Build.0 = Debug|x64
		{CADAB9C3-80A8-4386-94AC-A9BF1E0F1CA0}.Debug|x64.Deploy.0 = Debug|x64
		{CADAB9C3-80A8-4386-94AC-A9BF1E0F1CA0}.Debug|x86.ActiveCfg = Debug|x86
		{CADAB9C3-80A8-4386-94AC-A9BF1E0F1CA0}.Debug|x86.Build.0 = Debug|x86
		{CADAB9C3-80A8-4386-94AC-A9BF1E0F1CA0}.Debug|x86.Deploy.0 = Debug|x86
		{CADAB9C3-80A8-4386-94AC-A9BF1E0F1CA0}.Release|Any CPU.ActiveCfg = Release|x86
		{CADAB9C3-80A8-4386-94AC-A9BF1E0F1CA0}.Release|Any CPU.Build.0 = Release|x86
		{CADAB9C3-80A8-4386-94AC-A9BF1E0F1CA0}.Release|Any CPU.Deploy.0 = Release|x86
		{CADAB9C3-80A8-4386-94AC-A9BF1E0F1CA0}.Release|ARM.ActiveCfg = Release|ARM
		{CADAB9C3-80A8-4386-94AC-A9BF1E0F1CA0}.Release|ARM.Build.0 = Release|ARM
		{CADAB9C3-80A8-4386-94AC-A9BF1E0F1CA0}.Release|ARM.Deploy.0 = Release|ARM
		{CADAB9C3-80A8-4386-94AC-A9BF1E0F1CA0}.Release|iPhone.ActiveCfg = Release|x86
		{CADAB9C3-80A8-4386-94AC-A9BF1E0F1CA0}.Release|iPhone.Build.0 = Release|x86
		{CADAB9C3-80A8-4386-94AC-A9BF1E0F1CA0}.Release|iPhone.Deploy.0 = Release|x86
		{CADAB9C3-80A8-4386-94AC-A9BF1E0F1CA0}.Release|iPhoneSimulator.ActiveCfg = Release|x86
		{CADAB9C3-80A8-4386-94AC-A9BF1E0F1CA0}.Release|iPhoneSimulator.Build.0 = Release|x86
		{CADAB9C3-80A8-4386-94AC-A9BF1E0F1CA0}.Release|iPhoneSimulator.Deploy.0 = Release|x86
		{CADAB9C3-80A8-4386-94AC-A9BF1E0F1CA0}.Release|x64.ActiveCfg = Release|x64
		{CADAB9C3-80A8-4386-94AC-A9BF1E0F1CA0}.Release|x64.Build.0 = Release|x64
		{CADAB9C3-80A8-4386-94AC-A9BF1E0F1CA0}.Release|x64.Deploy.0 = Release|x64
		{CADAB9C3-80A8-4386-94AC-A9BF1E0F1CA0}.Release|x86.ActiveCfg = Release|x86
		{CADAB9C3-80A8-4386-94AC-A9BF1E0F1CA0}.Release|x86.Build.0 = Release|x86
		{CADAB9C3-80A8-4386-94AC-A9BF1E0F1CA0}.Release|x86.Deploy.0 = Release|x86
		{C83FC38A-E5FA-44C4-BF43-A05EA79ED5FB}.Ad-Hoc|Any CPU.ActiveCfg = Debug|Any CPU
		{C83FC38A-E5FA-44C4-BF43-A05EA79ED5FB}.Ad-Hoc|Any CPU.Build.0 = Debug|Any CPU
		{C83FC38A-E5FA-44C4-BF43-A05EA79ED5FB}.Ad-Hoc|Any CPU.Deploy.0 = Debug|Any CPU
		{C83FC38A-E5FA-44C4-BF43-A05EA79ED5FB}.Ad-Hoc|ARM.ActiveCfg = Debug|Any CPU
		{C83FC38A-E5FA-44C4-BF43-A05EA79ED5FB}.Ad-Hoc|ARM.Build.0 = Debug|Any CPU
		{C83FC38A-E5FA-44C4-BF43-A05EA79ED5FB}.Ad-Hoc|ARM.Deploy.0 = Debug|Any CPU
		{C83FC38A-E5FA-44C4-BF43-A05EA79ED5FB}.Ad-Hoc|iPhone.ActiveCfg = Debug|Any CPU
		{C83FC38A-E5FA-44C4-BF43-A05EA79ED5FB}.Ad-Hoc|iPhone.Build.0 = Debug|Any CPU
		{C83FC38A-E5FA-44C4-BF43-A05EA79ED5FB}.Ad-Hoc|iPhone.Deploy.0 = Debug|Any CPU
		{C83FC38A-E5FA-44C4-BF43-A05EA79ED5FB}.Ad-Hoc|iPhoneSimulator.ActiveCfg = Debug|Any CPU
		{C83FC38A-E5FA-44C4-BF43-A05EA79ED5FB}.Ad-Hoc|iPhoneSimulator.Build.0 = Debug|Any CPU
		{C83FC38A-E5FA-44C4-BF43-A05EA79ED5FB}.Ad-Hoc|iPhoneSimulator.Deploy.0 = Debug|Any CPU
		{C83FC38A-E5FA-44C4-BF43-A05EA79ED5FB}.Ad-Hoc|x64.ActiveCfg = Debug|Any CPU
		{C83FC38A-E5FA-44C4-BF43-A05EA79ED5FB}.Ad-Hoc|x64.Build.0 = Debug|Any CPU
		{C83FC38A-E5FA-44C4-BF43-A05EA79ED5FB}.Ad-Hoc|x64.Deploy.0 = Debug|Any CPU
		{C83FC38A-E5FA-44C4-BF43-A05EA79ED5FB}.Ad-Hoc|x86.ActiveCfg = Debug|Any CPU
		{C83FC38A-E5FA-44C4-BF43-A05EA79ED5FB}.Ad-Hoc|x86.Build.0 = Debug|Any CPU
		{C83FC38A-E5FA-44C4-BF43-A05EA79ED5FB}.Ad-Hoc|x86.Deploy.0 = Debug|Any CPU
		{C83FC38A-E5FA-44C4-BF43-A05EA79ED5FB}.AppStore|Any CPU.ActiveCfg = Debug|Any CPU
		{C83FC38A-E5FA-44C4-BF43-A05EA79ED5FB}.AppStore|Any CPU.Build.0 = Debug|Any CPU
		{C83FC38A-E5FA-44C4-BF43-A05EA79ED5FB}.AppStore|Any CPU.Deploy.0 = Debug|Any CPU
		{C83FC38A-E5FA-44C4-BF43-A05EA79ED5FB}.AppStore|ARM.ActiveCfg = Debug|Any CPU
		{C83FC38A-E5FA-44C4-BF43-A05EA79ED5FB}.AppStore|ARM.Build.0 = Debug|Any CPU
		{C83FC38A-E5FA-44C4-BF43-A05EA79ED5FB}.AppStore|ARM.Deploy.0 = Debug|Any CPU
		{C83FC38A-E5FA-44C4-BF43-A05EA79ED5FB}.AppStore|iPhone.ActiveCfg = Debug|Any CPU
		{C83FC38A-E5FA-44C4-BF43-A05EA79ED5FB}.AppStore|iPhone.Build.0 = Debug|Any CPU
		{C83FC38A-E5FA-44C4-BF43-A05EA79ED5FB}.AppStore|iPhone.Deploy.0 = Debug|Any CPU
		{C83FC38A-E5FA-44C4-BF43-A05EA79ED5FB}.AppStore|iPhoneSimulator.ActiveCfg = Debug|Any CPU
		{C83FC38A-E5FA-44C4-BF43-A05EA79ED5FB}.AppStore|iPhoneSimulator.Build.0 = Debug|Any CPU
		{C83FC38A-E5FA-44C4-BF43-A05EA79ED5FB}.AppStore|iPhoneSimulator.Deploy.0 = Debug|Any CPU
		{C83FC38A-E5FA-44C4-BF43-A05EA79ED5FB}.AppStore|x64.ActiveCfg = Debug|Any CPU
		{C83FC38A-E5FA-44C4-BF43-A05EA79ED5FB}.AppStore|x64.Build.0 = Debug|Any CPU
		{C83FC38A-E5FA-44C4-BF43-A05EA79ED5FB}.AppStore|x64.Deploy.0 = Debug|Any CPU
		{C83FC38A-E5FA-44C4-BF43-A05EA79ED5FB}.AppStore|x86.ActiveCfg = Debug|Any CPU
		{C83FC38A-E5FA-44C4-BF43-A05EA79ED5FB}.AppStore|x86.Build.0 = Debug|Any CPU
		{C83FC38A-E5FA-44C4-BF43-A05EA79ED5FB}.AppStore|x86.Deploy.0 = Debug|Any CPU
		{C83FC38A-E5FA-44C4-BF43-A05EA79ED5FB}.Debug|Any CPU.ActiveCfg = Debug|Any CPU
		{C83FC38A-E5FA-44C4-BF43-A05EA79ED5FB}.Debug|Any CPU.Build.0 = Debug|Any CPU
		{C83FC38A-E5FA-44C4-BF43-A05EA79ED5FB}.Debug|Any CPU.Deploy.0 = Debug|Any CPU
		{C83FC38A-E5FA-44C4-BF43-A05EA79ED5FB}.Debug|ARM.ActiveCfg = Debug|Any CPU
		{C83FC38A-E5FA-44C4-BF43-A05EA79ED5FB}.Debug|ARM.Build.0 = Debug|Any CPU
		{C83FC38A-E5FA-44C4-BF43-A05EA79ED5FB}.Debug|ARM.Deploy.0 = Debug|Any CPU
		{C83FC38A-E5FA-44C4-BF43-A05EA79ED5FB}.Debug|iPhone.ActiveCfg = Debug|Any CPU
		{C83FC38A-E5FA-44C4-BF43-A05EA79ED5FB}.Debug|iPhone.Build.0 = Debug|Any CPU
		{C83FC38A-E5FA-44C4-BF43-A05EA79ED5FB}.Debug|iPhone.Deploy.0 = Debug|Any CPU
		{C83FC38A-E5FA-44C4-BF43-A05EA79ED5FB}.Debug|iPhoneSimulator.ActiveCfg = Debug|Any CPU
		{C83FC38A-E5FA-44C4-BF43-A05EA79ED5FB}.Debug|iPhoneSimulator.Build.0 = Debug|Any CPU
		{C83FC38A-E5FA-44C4-BF43-A05EA79ED5FB}.Debug|iPhoneSimulator.Deploy.0 = Debug|Any CPU
		{C83FC38A-E5FA-44C4-BF43-A05EA79ED5FB}.Debug|x64.ActiveCfg = Debug|Any CPU
		{C83FC38A-E5FA-44C4-BF43-A05EA79ED5FB}.Debug|x64.Build.0 = Debug|Any CPU
		{C83FC38A-E5FA-44C4-BF43-A05EA79ED5FB}.Debug|x64.Deploy.0 = Debug|Any CPU
		{C83FC38A-E5FA-44C4-BF43-A05EA79ED5FB}.Debug|x86.ActiveCfg = Debug|Any CPU
		{C83FC38A-E5FA-44C4-BF43-A05EA79ED5FB}.Debug|x86.Build.0 = Debug|Any CPU
		{C83FC38A-E5FA-44C4-BF43-A05EA79ED5FB}.Debug|x86.Deploy.0 = Debug|Any CPU
		{C83FC38A-E5FA-44C4-BF43-A05EA79ED5FB}.Release|Any CPU.ActiveCfg = Release|Any CPU
		{C83FC38A-E5FA-44C4-BF43-A05EA79ED5FB}.Release|Any CPU.Build.0 = Release|Any CPU
		{C83FC38A-E5FA-44C4-BF43-A05EA79ED5FB}.Release|Any CPU.Deploy.0 = Release|Any CPU
		{C83FC38A-E5FA-44C4-BF43-A05EA79ED5FB}.Release|ARM.ActiveCfg = Release|Any CPU
		{C83FC38A-E5FA-44C4-BF43-A05EA79ED5FB}.Release|ARM.Build.0 = Release|Any CPU
		{C83FC38A-E5FA-44C4-BF43-A05EA79ED5FB}.Release|ARM.Deploy.0 = Release|Any CPU
		{C83FC38A-E5FA-44C4-BF43-A05EA79ED5FB}.Release|iPhone.ActiveCfg = Release|Any CPU
		{C83FC38A-E5FA-44C4-BF43-A05EA79ED5FB}.Release|iPhone.Build.0 = Release|Any CPU
		{C83FC38A-E5FA-44C4-BF43-A05EA79ED5FB}.Release|iPhone.Deploy.0 = Release|Any CPU
		{C83FC38A-E5FA-44C4-BF43-A05EA79ED5FB}.Release|iPhoneSimulator.ActiveCfg = Release|Any CPU
		{C83FC38A-E5FA-44C4-BF43-A05EA79ED5FB}.Release|iPhoneSimulator.Build.0 = Release|Any CPU
		{C83FC38A-E5FA-44C4-BF43-A05EA79ED5FB}.Release|iPhoneSimulator.Deploy.0 = Release|Any CPU
		{C83FC38A-E5FA-44C4-BF43-A05EA79ED5FB}.Release|x64.ActiveCfg = Release|Any CPU
		{C83FC38A-E5FA-44C4-BF43-A05EA79ED5FB}.Release|x64.Build.0 = Release|Any CPU
		{C83FC38A-E5FA-44C4-BF43-A05EA79ED5FB}.Release|x64.Deploy.0 = Release|Any CPU
		{C83FC38A-E5FA-44C4-BF43-A05EA79ED5FB}.Release|x86.ActiveCfg = Release|Any CPU
		{C83FC38A-E5FA-44C4-BF43-A05EA79ED5FB}.Release|x86.Build.0 = Release|Any CPU
		{C83FC38A-E5FA-44C4-BF43-A05EA79ED5FB}.Release|x86.Deploy.0 = Release|Any CPU
	EndGlobalSection
	GlobalSection(SolutionProperties) = preSolution
		HideSolutionNode = FALSE
	EndGlobalSection
	GlobalSection(ExtensibilityGlobals) = postSolution
		SolutionGuid = {DF2239C9-6005-4E4C-80D2-6858924F47A6}
	EndGlobalSection
EndGlobal
